
Microsoft Visual Studio Solution File, Format Version 12.00
# Visual Studio Version 16
VisualStudioVersion = 16.0.30804.86
MinimumVisualStudioVersion = 10.0.40219.1
Project("{FAE04EC0-301F-11D3-BF4B-00C04F79EFBC}") = "Taito DeCompress", "Taito DeCompress\Taito DeCompress.csproj", "{7EC015DE-5E12-4993-ACC4-F09A4A66E788}"
EndProject
Global
	GlobalSection(SolutionConfigurationPlatforms) = preSolution
		Debug|Any CPU = Debug|Any CPU
		Release|Any CPU = Release|Any CPU
	EndGlobalSection
	GlobalSection(ProjectConfigurationPlatforms) = postSolution
		{7EC015DE-5E12-4993-ACC4-F09A4A66E788}.Debug|Any CPU.ActiveCfg = Debug|Any CPU
		{7EC015DE-5E12-4993-ACC4-F09A4A66E788}.Debug|Any CPU.Build.0 = Debug|Any CPU
		{7EC015DE-5E12-4993-ACC4-F09A4A66E788}.Release|Any CPU.ActiveCfg = Release|Any CPU
		{7EC015DE-5E12-4993-ACC4-F09A4A66E788}.Release|Any CPU.Build.0 = Release|Any CPU
	EndGlobalSection
	GlobalSection(SolutionProperties) = preSolution
		HideSolutionNode = FALSE
	EndGlobalSection
	GlobalSection(ExtensibilityGlobals) = postSolution
		SolutionGuid = {8C81D81E-0845-4682-9129-57CE9B2F976F}
	EndGlobalSection
EndGlobal
